// !$*UTF8*$!
{
	archiveVersion = 1;
	classes = {
	};
	objectVersion = 50;
	objects = {

/* Begin PBXBuildFile section */
		FD2C9C15211304FB00799B23 /* AppDelegate.m in Sources */ = {isa = PBXBuildFile; fileRef = FD2C9C14211304FB00799B23 /* AppDelegate.m */; };
		FD2C9C18211304FB00799B23 /* ViewController.m in Sources */ = {isa = PBXBuildFile; fileRef = FD2C9C17211304FB00799B23 /* ViewController.m */; };
		FD2C9C1B211304FB00799B23 /* Main.storyboard in Resources */ = {isa = PBXBuildFile; fileRef = FD2C9C19211304FB00799B23 /* Main.storyboard */; };
		FD2C9C1D211304FC00799B23 /* Assets.xcassets in Resources */ = {isa = PBXBuildFile; fileRef = FD2C9C1C211304FC00799B23 /* Assets.xcassets */; };
		FD2C9C20211304FC00799B23 /* LaunchScreen.storyboard in Resources */ = {isa = PBXBuildFile; fileRef = FD2C9C1E211304FC00799B23 /* LaunchScreen.storyboard */; };
		FD2C9C23211304FC00799B23 /* main.m in Sources */ = {isa = PBXBuildFile; fileRef = FD2C9C22211304FC00799B23 /* main.m */; };
		FD2C9C2B211307E800799B23 /* MyTableViewCell.m in Sources */ = {isa = PBXBuildFile; fileRef = FD2C9C2A211307E800799B23 /* MyTableViewCell.m */; };
		FD2C9C332113090D00799B23 /* NotificationCenter.framework in Frameworks */ = {isa = PBXBuildFile; fileRef = FD2C9C322113090D00799B23 /* NotificationCenter.framework */; };
		FD2C9C372113090D00799B23 /* TodayViewController.m in Sources */ = {isa = PBXBuildFile; fileRef = FD2C9C362113090D00799B23 /* TodayViewController.m */; };
		FD2C9C3A2113090D00799B23 /* MainInterface.storyboard in Resources */ = {isa = PBXBuildFile; fileRef = FD2C9C382113090D00799B23 /* MainInterface.storyboard */; };
		FD2C9C3E2113090D00799B23 /* DemoTodaysExtensions.appex in Embed App Extensions */ = {isa = PBXBuildFile; fileRef = FD2C9C302113090D00799B23 /* DemoTodaysExtensions.appex */; settings = {ATTRIBUTES = (RemoveHeadersOnCopy, ); }; };
		FD2C9C4B2113111C00799B23 /* Simulator Screen Shot - iPhone X - 2018-08-02 at 13.28.07.png in Resources */ = {isa = PBXBuildFile; fileRef = FD2C9C4A2113111C00799B23 /* Simulator Screen Shot - iPhone X - 2018-08-02 at 13.28.07.png */; };
/* End PBXBuildFile section */

/* Begin PBXContainerItemProxy section */
		FD2C9C3C2113090D00799B23 /* PBXContainerItemProxy */ = {
			isa = PBXContainerItemProxy;
			containerPortal = FD2C9C08211304FB00799B23 /* Project object */;
			proxyType = 1;
			remoteGlobalIDString = FD2C9C2F2113090D00799B23;
			remoteInfo = DemoTodaysExtensions;
		};
/* End PBXContainerItemProxy section */

/* Begin PBXCopyFilesBuildPhase section */
		FD2C9C422113090E00799B23 /* Embed App Extensions */ = {
			isa = PBXCopyFilesBuildPhase;
			buildActionMask = 2147483647;
			dstPath = "";
			dstSubfolderSpec = 13;
			files = (
				FD2C9C3E2113090D00799B23 /* DemoTodaysExtensions.appex in Embed App Extensions */,
			);
			name = "Embed App Extensions";
			runOnlyForDeploymentPostprocessing = 0;
		};
/* End PBXCopyFilesBuildPhase section */

/* Begin PBXFileReference section */
		FD2C9C10211304FB00799B23 /* DemoOnExtensions.app */ = {isa = PBXFileReference; explicitFileType = wrapper.application; includeInIndex = 0; path = DemoOnExtensions.app; sourceTree = BUILT_PRODUCTS_DIR; };
		FD2C9C13211304FB00799B23 /* AppDelegate.h */ = {isa = PBXFileReference; lastKnownFileType = sourcecode.c.h; path = AppDelegate.h; sourceTree = "<group>"; };
		FD2C9C14211304FB00799B23 /* AppDelegate.m */ = {isa = PBXFileReference; lastKnownFileType = sourcecode.c.objc; path = AppDelegate.m; sourceTree = "<group>"; };
		FD2C9C16211304FB00799B23 /* ViewController.h */ = {isa = PBXFileReference; lastKnownFileType = sourcecode.c.h; path = ViewController.h; sourceTree = "<group>"; };
		FD2C9C17211304FB00799B23 /* ViewController.m */ = {isa = PBXFileReference; lastKnownFileType = sourcecode.c.objc; path = ViewController.m; sourceTree = "<group>"; };
		FD2C9C1A211304FB00799B23 /* Base */ = {isa = PBXFileReference; lastKnownFileType = file.storyboard; name = Base; path = Base.lproj/Main.storyboard; sourceTree = "<group>"; };
		FD2C9C1C211304FC00799B23 /* Assets.xcassets */ = {isa = PBXFileReference; lastKnownFileType = folder.assetcatalog; path = Assets.xcassets; sourceTree = "<group>"; };
		FD2C9C1F211304FC00799B23 /* Base */ = {isa = PBXFileReference; lastKnownFileType = file.storyboard; name = Base; path = Base.lproj/LaunchScreen.storyboard; sourceTree = "<group>"; };
		FD2C9C21211304FC00799B23 /* Info.plist */ = {isa = PBXFileReference; lastKnownFileType = text.plist.xml; path = Info.plist; sourceTree = "<group>"; };
		FD2C9C22211304FC00799B23 /* main.m */ = {isa = PBXFileReference; lastKnownFileType = sourcecode.c.objc; path = main.m; sourceTree = "<group>"; };
		FD2C9C29211307E800799B23 /* MyTableViewCell.h */ = {isa = PBXFileReference; lastKnownFileType = sourcecode.c.h; path = MyTableViewCell.h; sourceTree = "<group>"; };
		FD2C9C2A211307E800799B23 /* MyTableViewCell.m */ = {isa = PBXFileReference; lastKnownFileType = sourcecode.c.objc; path = MyTableViewCell.m; sourceTree = "<group>"; };
		FD2C9C302113090D00799B23 /* DemoTodaysExtensions.appex */ = {isa = PBXFileReference; explicitFileType = "wrapper.app-extension"; includeInIndex = 0; path = DemoTodaysExtensions.appex; sourceTree = BUILT_PRODUCTS_DIR; };
		FD2C9C322113090D00799B23 /* NotificationCenter.framework */ = {isa = PBXFileReference; lastKnownFileType = wrapper.framework; name = NotificationCenter.framework; path = System/Library/Frameworks/NotificationCenter.framework; sourceTree = SDKROOT; };
		FD2C9C352113090D00799B23 /* TodayViewController.h */ = {isa = PBXFileReference; lastKnownFileType = sourcecode.c.h; path = TodayViewController.h; sourceTree = "<group>"; };
		FD2C9C362113090D00799B23 /* TodayViewController.m */ = {isa = PBXFileReference; lastKnownFileType = sourcecode.c.objc; path = TodayViewController.m; sourceTree = "<group>"; };
		FD2C9C392113090D00799B23 /* Base */ = {isa = PBXFileReference; lastKnownFileType = file.storyboard; name = Base; path = Base.lproj/MainInterface.storyboard; sourceTree = "<group>"; };
		FD2C9C3B2113090D00799B23 /* Info.plist */ = {isa = PBXFileReference; lastKnownFileType = text.plist.xml; path = Info.plist; sourceTree = "<group>"; };
		FD2C9C43211309AE00799B23 /* DemoTodaysExtensions.entitlements */ = {isa = PBXFileReference; lastKnownFileType = text.plist.entitlements; path = DemoTodaysExtensions.entitlements; sourceTree = "<group>"; };
		FD2C9C4A2113111C00799B23 /* Simulator Screen Shot - iPhone X - 2018-08-02 at 13.28.07.png */ = {isa = PBXFileReference; lastKnownFileType = image.png; path = "Simulator Screen Shot - iPhone X - 2018-08-02 at 13.28.07.png"; sourceTree = "<group>"; };
		FD2C9C4C21132ACE00799B23 /* DemoOnExtensions.entitlements */ = {isa = PBXFileReference; lastKnownFileType = text.plist.entitlements; path = DemoOnExtensions.entitlements; sourceTree = "<group>"; };
/* End PBXFileReference section */

/* Begin PBXFrameworksBuildPhase section */
		FD2C9C0D211304FB00799B23 /* Frameworks */ = {
			isa = PBXFrameworksBuildPhase;
			buildActionMask = 2147483647;
			files = (
			);
			runOnlyForDeploymentPostprocessing = 0;
		};
		FD2C9C2D2113090D00799B23 /* Frameworks */ = {
			isa = PBXFrameworksBuildPhase;
			buildActionMask = 2147483647;
			files = (
				FD2C9C332113090D00799B23 /* NotificationCenter.framework in Frameworks */,
			);
			runOnlyForDeploymentPostprocessing = 0;
		};
/* End PBXFrameworksBuildPhase section */

/* Begin PBXGroup section */
		FD2C9C07211304FB00799B23 = {
			isa = PBXGroup;
			children = (
				FD2C9C12211304FB00799B23 /* DemoOnExtensions */,
				FD2C9C342113090D00799B23 /* DemoTodaysExtensions */,
				FD2C9C312113090D00799B23 /* Frameworks */,
				FD2C9C11211304FB00799B23 /* Products */,
			);
			sourceTree = "<group>";
		};
		FD2C9C11211304FB00799B23 /* Products */ = {
			isa = PBXGroup;
			children = (
				FD2C9C10211304FB00799B23 /* DemoOnExtensions.app */,
				FD2C9C302113090D00799B23 /* DemoTodaysExtensions.appex */,
			);
			name = Products;
			sourceTree = "<group>";
		};
		FD2C9C12211304FB00799B23 /* DemoOnExtensions */ = {
			isa = PBXGroup;
			children = (
				FD2C9C4C21132ACE00799B23 /* DemoOnExtensions.entitlements */,
				FD2C9C13211304FB00799B23 /* AppDelegate.h */,
				FD2C9C14211304FB00799B23 /* AppDelegate.m */,
				FD2C9C16211304FB00799B23 /* ViewController.h */,
				FD2C9C17211304FB00799B23 /* ViewController.m */,
				FD2C9C19211304FB00799B23 /* Main.storyboard */,
				FD2C9C1C211304FC00799B23 /* Assets.xcassets */,
				FD2C9C1E211304FC00799B23 /* LaunchScreen.storyboard */,
				FD2C9C21211304FC00799B23 /* Info.plist */,
				FD2C9C22211304FC00799B23 /* main.m */,
				FD2C9C29211307E800799B23 /* MyTableViewCell.h */,
				FD2C9C2A211307E800799B23 /* MyTableViewCell.m */,
			);
			path = DemoOnExtensions;
			sourceTree = "<group>";
		};
		FD2C9C312113090D00799B23 /* Frameworks */ = {
			isa = PBXGroup;
			children = (
				FD2C9C322113090D00799B23 /* NotificationCenter.framework */,
			);
			name = Frameworks;
			sourceTree = "<group>";
		};
		FD2C9C342113090D00799B23 /* DemoTodaysExtensions */ = {
			isa = PBXGroup;
			children = (
				FD2C9C43211309AE00799B23 /* DemoTodaysExtensions.entitlements */,
				FD2C9C4A2113111C00799B23 /* Simulator Screen Shot - iPhone X - 2018-08-02 at 13.28.07.png */,
				FD2C9C352113090D00799B23 /* TodayViewController.h */,
				FD2C9C362113090D00799B23 /* TodayViewController.m */,
				FD2C9C382113090D00799B23 /* MainInterface.storyboard */,
				FD2C9C3B2113090D00799B23 /* Info.plist */,
			);
			path = DemoTodaysExtensions;
			sourceTree = "<group>";
		};
/* End PBXGroup section */

/* Begin PBXNativeTarget section */
		FD2C9C0F211304FB00799B23 /* DemoOnExtensions */ = {
			isa = PBXNativeTarget;
			buildConfigurationList = FD2C9C26211304FC00799B23 /* Build configuration list for PBXNativeTarget "DemoOnExtensions" */;
			buildPhases = (
				FD2C9C0C211304FB00799B23 /* Sources */,
				FD2C9C0D211304FB00799B23 /* Frameworks */,
				FD2C9C0E211304FB00799B23 /* Resources */,
				FD2C9C422113090E00799B23 /* Embed App Extensions */,
			);
			buildRules = (
			);
			dependencies = (
				FD2C9C3D2113090D00799B23 /* PBXTargetDependency */,
			);
			name = DemoOnExtensions;
			productName = DemoOnExtensions;
			productReference = FD2C9C10211304FB00799B23 /* DemoOnExtensions.app */;
			productType = "com.apple.product-type.application";
		};
		FD2C9C2F2113090D00799B23 /* DemoTodaysExtensions */ = {
			isa = PBXNativeTarget;
			buildConfigurationList = FD2C9C3F2113090E00799B23 /* Build configuration list for PBXNativeTarget "DemoTodaysExtensions" */;
			buildPhases = (
				FD2C9C2C2113090D00799B23 /* Sources */,
				FD2C9C2D2113090D00799B23 /* Frameworks */,
				FD2C9C2E2113090D00799B23 /* Resources */,
			);
			buildRules = (
			);
			dependencies = (
			);
			name = DemoTodaysExtensions;
			productName = DemoTodaysExtensions;
			productReference = FD2C9C302113090D00799B23 /* DemoTodaysExtensions.appex */;
			productType = "com.apple.product-type.app-extension";
		};
/* End PBXNativeTarget section */

/* Begin PBXProject section */
		FD2C9C08211304FB00799B23 /* Project object */ = {
			isa = PBXProject;
			attributes = {
				LastUpgradeCheck = 0940;
				ORGANIZATIONNAME = "volive solutions";
				TargetAttributes = {
					FD2C9C0F211304FB00799B23 = {
						CreatedOnToolsVersion = 9.4.1;
						SystemCapabilities = {
							com.apple.ApplicationGroups.iOS = {
								enabled = 1;
							};
						};
					};
					FD2C9C2F2113090D00799B23 = {
						CreatedOnToolsVersion = 9.4.1;
						SystemCapabilities = {
							com.apple.ApplicationGroups.iOS = {
								enabled = 1;
							};
						};
					};
				};
			};
			buildConfigurationList = FD2C9C0B211304FB00799B23 /* Build configuration list for PBXProject "DemoOnExtensions" */;
			compatibilityVersion = "Xcode 9.3";
			developmentRegion = en;
			hasScannedForEncodings = 0;
			knownRegions = (
				en,
				Base,
			);
			mainGroup = FD2C9C07211304FB00799B23;
			productRefGroup = FD2C9C11211304FB00799B23 /* Products */;
			projectDirPath = "";
			projectRoot = "";
			targets = (
				FD2C9C0F211304FB00799B23 /* DemoOnExtensions */,
				FD2C9C2F2113090D00799B23 /* DemoTodaysExtensions */,
			);
		};
/* End PBXProject section */

/* Begin PBXResourcesBuildPhase section */
		FD2C9C0E211304FB00799B23 /* Resources */ = {
			isa = PBXResourcesBuildPhase;
			buildActionMask = 2147483647;
			files = (
				FD2C9C4B2113111C00799B23 /* Simulator Screen Shot - iPhone X - 2018-08-02 at 13.28.07.png in Resources */,
				FD2C9C20211304FC00799B23 /* LaunchScreen.storyboard in Resources */,
				FD2C9C1D211304FC00799B23 /* Assets.xcassets in Resources */,
				FD2C9C1B211304FB00799B23 /* Main.storyboard in Resources */,
			);
			runOnlyForDeploymentPostprocessing = 0;
		};
		FD2C9C2E2113090D00799B23 /* Resources */ = {
			isa = PBXResourcesBuildPhase;
			buildActionMask = 2147483647;
			files = (
				FD2C9C3A2113090D00799B23 /* MainInterface.storyboard in Resources */,
			);
			runOnlyForDeploymentPostprocessing = 0;
		};
/* End PBXResourcesBuildPhase section */

/* Begin PBXSourcesBuildPhase section */
		FD2C9C0C211304FB00799B23 /* Sources */ = {
			isa = PBXSourcesBuildPhase;
			buildActionMask = 2147483647;
			files = (
				FD2C9C18211304FB00799B23 /* ViewController.m in Sources */,
				FD2C9C2B211307E800799B23 /* MyTableViewCell.m in Sources */,
				FD2C9C23211304FC00799B23 /* main.m in Sources */,
				FD2C9C15211304FB00799B23 /* AppDelegate.m in Sources */,
			);
			runOnlyForDeploymentPostprocessing = 0;
		};
		FD2C9C2C2113090D00799B23 /* Sources */ = {
			isa = PBXSourcesBuildPhase;
			buildActionMask = 2147483647;
			files = (
				FD2C9C372113090D00799B23 /* TodayViewController.m in Sources */,
			);
			runOnlyForDeploymentPostprocessing = 0;
		};
/* End PBXSourcesBuildPhase section */

/* Begin PBXTargetDependency section */
		FD2C9C3D2113090D00799B23 /* PBXTargetDependency */ = {
			isa = PBXTargetDependency;
			target = FD2C9C2F2113090D00799B23 /* DemoTodaysExtensions */;
			targetProxy = FD2C9C3C2113090D00799B23 /* PBXContainerItemProxy */;
		};
/* End PBXTargetDependency section */

/* Begin PBXVariantGroup section */
		FD2C9C19211304FB00799B23 /* Main.storyboard */ = {
			isa = PBXVariantGroup;
			children = (
				FD2C9C1A211304FB00799B23 /* Base */,
			);
			name = Main.storyboard;
			sourceTree = "<group>";
		};
		FD2C9C1E211304FC00799B23 /* LaunchScreen.storyboard */ = {
			isa = PBXVariantGroup;
			children = (
				FD2C9C1F211304FC00799B23 /* Base */,
			);
			name = LaunchScreen.storyboard;
			sourceTree = "<group>";
		};
		FD2C9C382113090D00799B23 /* MainInterface.storyboard */ = {
			isa = PBXVariantGroup;
			children = (
				FD2C9C392113090D00799B23 /* Base */,
			);
			name = MainInterface.storyboard;
			sourceTree = "<group>";
		};
/* End PBXVariantGroup section */

/* Begin XCBuildConfiguration section */
		FD2C9C24211304FC00799B23 /* Debug */ = {
			isa = XCBuildConfiguration;
			buildSettings = {
				ALWAYS_SEARCH_USER_PATHS = NO;
				CLANG_ANALYZER_NONNULL = YES;
				CLANG_ANALYZER_NUMBER_OBJECT_CONVERSION = YES_AGGRESSIVE;
				CLANG_CXX_LANGUAGE_STANDARD = "gnu++14";
				CLANG_CXX_LIBRARY = "libc++";
				CLANG_ENABLE_MODULES = YES;
				CLANG_ENABLE_OBJC_ARC = YES;
				CLANG_ENABLE_OBJC_WEAK = YES;
				CLANG_WARN_BLOCK_CAPTURE_AUTORELEASING = YES;
				CLANG_WARN_BOOL_CONVERSION = YES;
				CLANG_WARN_COMMA = YES;
				CLANG_WARN_CONSTANT_CONVERSION = YES;
				CLANG_WARN_DEPRECATED_OBJC_IMPLEMENTATIONS = YES;
				CLANG_WARN_DIRECT_OBJC_ISA_USAGE = YES_ERROR;
				CLANG_WARN_DOCUMENTATION_COMMENTS = YES;
				CLANG_WARN_EMPTY_BODY = YES;
				CLANG_WARN_ENUM_CONVERSION = YES;
				CLANG_WARN_INFINITE_RECURSION = YES;
				CLANG_WARN_INT_CONVERSION = YES;
				CLANG_WARN_NON_LITERAL_NULL_CONVERSION = YES;
				CLANG_WARN_OBJC_IMPLICIT_RETAIN_SELF = YES;
				CLANG_WARN_OBJC_LITERAL_CONVERSION = YES;
				CLANG_WARN_OBJC_ROOT_CLASS = YES_ERROR;
				CLANG_WARN_RANGE_LOOP_ANALYSIS = YES;
				CLANG_WARN_STRICT_PROTOTYPES = YES;
				CLANG_WARN_SUSPICIOUS_MOVE = YES;
				CLANG_WARN_UNGUARDED_AVAILABILITY = YES_AGGRESSIVE;
				CLANG_WARN_UNREACHABLE_CODE = YES;
				CLANG_WARN__DUPLICATE_METHOD_MATCH = YES;
				CODE_SIGN_IDENTITY = "iPhone Developer";
				COPY_PHASE_STRIP = NO;
				DEBUG_INFORMATION_FORMAT = dwarf;
				ENABLE_STRICT_OBJC_MSGSEND = YES;
				ENABLE_TESTABILITY = YES;
				GCC_C_LANGUAGE_STANDARD = gnu11;
				GCC_DYNAMIC_NO_PIC = NO;
				GCC_NO_COMMON_BLOCKS = YES;
				GCC_OPTIMIZATION_LEVEL = 0;
				GCC_PREPROCESSOR_DEFINITIONS = (
					"DEBUG=1",
					"$(inherited)",
				);
				GCC_WARN_64_TO_32_BIT_CONVERSION = YES;
				GCC_WARN_ABOUT_RETURN_TYPE = YES_ERROR;
				GCC_WARN_UNDECLARED_SELECTOR = YES;
				GCC_WARN_UNINITIALIZED_AUTOS = YES_AGGRESSIVE;
				GCC_WARN_UNUSED_FUNCTION = YES;
				GCC_WARN_UNUSED_VARIABLE = YES;
				IPHONEOS_DEPLOYMENT_TARGET = 11.4;
				MTL_ENABLE_DEBUG_INFO = YES;
				ONLY_ACTIVE_ARCH = YES;
				SDKROOT = iphoneos;
			};
			name = Debug;
		};
		FD2C9C25211304FC00799B23 /* Release */ = {
			isa = XCBuildConfiguration;
			buildSettings = {
				ALWAYS_SEARCH_USER_PATHS = NO;
				CLANG_ANALYZER_NONNULL = YES;
				CLANG_ANALYZER_NUMBER_OBJECT_CONVERSION = YES_AGGRESSIVE;
				CLANG_CXX_LANGUAGE_STANDARD = "gnu++14";
				CLANG_CXX_LIBRARY = "libc++";
				CLANG_ENABLE_MODULES = YES;
				CLANG_ENABLE_OBJC_ARC = YES;
				CLANG_ENABLE_OBJC_WEAK = YES;
				CLANG_WARN_BLOCK_CAPTURE_AUTORELEASING = YES;
				CLANG_WARN_BOOL_CONVERSION = YES;
				CLANG_WARN_COMMA = YES;
				CLANG_WARN_CONSTANT_CONVERSION = YES;
				CLANG_WARN_DEPRECATED_OBJC_IMPLEMENTATIONS = YES;
				CLANG_WARN_DIRECT_OBJC_ISA_USAGE = YES_ERROR;
				CLANG_WARN_DOCUMENTATION_COMMENTS = YES;
				CLANG_WARN_EMPTY_BODY = YES;
				CLANG_WARN_ENUM_CONVERSION = YES;
				CLANG_WARN_INFINITE_RECURSION = YES;
				CLANG_WARN_INT_CONVERSION = YES;
				CLANG_WARN_NON_LITERAL_NULL_CONVERSION = YES;
				CLANG_WARN_OBJC_IMPLICIT_RETAIN_SELF = YES;
				CLANG_WARN_OBJC_LITERAL_CONVERSION = YES;
				CLANG_WARN_OBJC_ROOT_CLASS = YES_ERROR;
				CLANG_WARN_RANGE_LOOP_ANALYSIS = YES;
				CLANG_WARN_STRICT_PROTOTYPES = YES;
				CLANG_WARN_SUSPICIOUS_MOVE = YES;
				CLANG_WARN_UNGUARDED_AVAILABILITY = YES_AGGRESSIVE;
				CLANG_WARN_UNREACHABLE_CODE = YES;
				CLANG_WARN__DUPLICATE_METHOD_MATCH = YES;
				CODE_SIGN_IDENTITY = "iPhone Developer";
				COPY_PHASE_STRIP = NO;
				DEBUG_INFORMATION_FORMAT = "dwarf-with-dsym";
				ENABLE_NS_ASSERTIONS = NO;
				ENABLE_STRICT_OBJC_MSGSEND = YES;
				GCC_C_LANGUAGE_STANDARD = gnu11;
				GCC_NO_COMMON_BLOCKS = YES;
				GCC_WARN_64_TO_32_BIT_CONVERSION = YES;
				GCC_WARN_ABOUT_RETURN_TYPE = YES_ERROR;
				GCC_WARN_UNDECLARED_SELECTOR = YES;
				GCC_WARN_UNINITIALIZED_AUTOS = YES_AGGRESSIVE;
				GCC_WARN_UNUSED_FUNCTION = YES;
				GCC_WARN_UNUSED_VARIABLE = YES;
				IPHONEOS_DEPLOYMENT_TARGET = 11.4;
				MTL_ENABLE_DEBUG_INFO = NO;
				SDKROOT = iphoneos;
				VALIDATE_PRODUCT = YES;
			};
			name = Release;
		};
		FD2C9C27211304FC00799B23 /* Debug */ = {
			isa = XCBuildConfiguration;
			buildSettings = {
				ASSETCATALOG_COMPILER_APPICON_NAME = AppIcon;
				CODE_SIGN_ENTITLEMENTS = DemoOnExtensions/DemoOnExtensions.entitlements;
				CODE_SIGN_STYLE = Automatic;
				DEVELOPMENT_TEAM = JZHFWKUNJV;
				INFOPLIST_FILE = DemoOnExtensions/Info.plist;
				LD_RUNPATH_SEARCH_PATHS = (
					"$(inherited)",
					"@executable_path/Frameworks",
				);
				PRODUCT_BUNDLE_IDENTIFIER = volive.DemoOnExtensions;
				PRODUCT_NAME = "$(TARGET_NAME)";
				TARGETED_DEVICE_FAMILY = "1,2";
			};
			name = Debug;
		};
		FD2C9C28211304FC00799B23 /* Release */ = {
			isa = XCBuildConfiguration;
			buildSettings = {
				ASSETCATALOG_COMPILER_APPICON_NAME = AppIcon;
				CODE_SIGN_ENTITLEMENTS = DemoOnExtensions/DemoOnExtensions.entitlements;
				CODE_SIGN_STYLE = Automatic;
				DEVELOPMENT_TEAM = JZHFWKUNJV;
				INFOPLIST_FILE = DemoOnExtensions/Info.plist;
				LD_RUNPATH_SEARCH_PATHS = (
					"$(inherited)",
					"@executable_path/Frameworks",
				);
				PRODUCT_BUNDLE_IDENTIFIER = volive.DemoOnExtensions;
				PRODUCT_NAME = "$(TARGET_NAME)";
				TARGETED_DEVICE_FAMILY = "1,2";
			};
			name = Release;
		};
		FD2C9C402113090E00799B23 /* Debug */ = {
			isa = XCBuildConfiguration;
			buildSettings = {
				CODE_SIGN_ENTITLEMENTS = DemoTodaysExtensions/DemoTodaysExtensions.entitlements;
				CODE_SIGN_STYLE = Automatic;
				DEVELOPMENT_TEAM = JZHFWKUNJV;
				INFOPLIST_FILE = DemoTodaysExtensions/Info.plist;
				LD_RUNPATH_SEARCH_PATHS = (
					"$(inherited)",
					"@executable_path/Frameworks",
					"@executable_path/../../Frameworks",
				);
				PRODUCT_BUNDLE_IDENTIFIER = volive.DemoOnExtensions.DemoTodaysExtensions;
				PRODUCT_NAME = "$(TARGET_NAME)";
				SKIP_INSTALL = YES;
				TARGETED_DEVICE_FAMILY = "1,2";
			};
			name = Debug;
		};
		FD2C9C412113090E00799B23 /* Release */ = {
			isa = XCBuildConfiguration;
			buildSettings = {
				CODE_SIGN_ENTITLEMENTS = DemoTodaysExtensions/DemoTodaysExtensions.entitlements;
				CODE_SIGN_STYLE = Automatic;
				DEVELOPMENT_TEAM = JZHFWKUNJV;
				INFOPLIST_FILE = DemoTodaysExtensions/Info.plist;
				LD_RUNPATH_SEARCH_PATHS = (
					"$(inherited)",
					"@executable_path/Frameworks",
					"@executable_path/../../Frameworks",
				);
				PRODUCT_BUNDLE_IDENTIFIER = volive.DemoOnExtensions.DemoTodaysExtensions;
				PRODUCT_NAME = "$(TARGET_NAME)";
				SKIP_INSTALL = YES;
				TARGETED_DEVICE_FAMILY = "1,2";
			};
			name = Release;
		};
/* End XCBuildConfiguration section */

/* Begin XCConfigurationList section */
		FD2C9C0B211304FB00799B23 /* Build configuration list for PBXProject "DemoOnExtensions" */ = {
			isa = XCConfigurationList;
			buildConfigurations = (
				FD2C9C24211304FC00799B23 /* Debug */,
				FD2C9C25211304FC00799B23 /* Release */,
			);
			defaultConfigurationIsVisible = 0;
			defaultConfigurationName = Release;
		};
		FD2C9C26211304FC00799B23 /* Build configuration list for PBXNativeTarget "DemoOnExtensions" */ = {
			isa = XCConfigurationList;
			buildConfigurations = (
				FD2C9C27211304FC00799B23 /* Debug */,
				FD2C9C28211304FC00799B23 /* Release */,
			);
			defaultConfigurationIsVisible = 0;
			defaultConfigurationName = Release;
		};
		FD2C9C3F2113090E00799B23 /* Build configuration list for PBXNativeTarget "DemoTodaysExtensions" */ = {
			isa = XCConfigurationList;
			buildConfigurations = (
				FD2C9C402113090E00799B23 /* Debug */,
				FD2C9C412113090E00799B23 /* Release */,
			);
			defaultConfigurationIsVisible = 0;
			defaultConfigurationName = Release;
		};
/* End XCConfigurationList section */
	};
	rootObject = FD2C9C08211304FB00799B23 /* Project object */;
}
